{
  "lockfileVersion": 1,
  "configVersion": 1,
  "workspaces": {
    "": {
      "name": "reddit-scrutinizer",
      "dependencies": {
        "@ai-sdk/anthropic": "^4.0.16",
        "ai": "^7.0.31",
        "bun": "^1.3.14",
        "chalk": "^5.6.2",
        "commander": "^13.1.0",
        "get-port": "^7.2.0",
        "ignore": "^7.0.6",
        "marked": "^15.0.12",
        "open": "^11.0.0",
        "zod": "^3.25.76",
      },
      "devDependencies": {
        "@types/bun": "latest",
        "oxfmt": "0.59.0",
        "oxlint": "1.74.0",
        "typescript": "^5.9.3",
      },
    },
  },
  "packages": {
    "@ai-sdk/anthropic": ["@ai-sdk/anthropic@4.0.16", "", { "dependencies": { "@ai-sdk/provider": "4.0.3", "@ai-sdk/provider-utils": "5.0.11" }, "peerDependencies": { "zod": "^3.25.76 || ^4.1.8" } }, "sha512-vyH4D6Auih5H2xvVzzh2ep5pbdWiaV7JDC+jHUE7zZJ5Kyv0TteLav4DrOgHzRuyv8ptfUSqFF6Y8//f/Ec0fQ=="],

    "@ai-sdk/gateway": ["@ai-sdk/gateway@4.0.23", "", { "dependencies": { "@ai-sdk/provider": "4.0.3", "@ai-sdk/provider-utils": "5.0.11", "@vercel/oidc": "3.2.0" }, "peerDependencies": { "zod": "^3.25.76 || ^4.1.8" } }, "sha512-f85diFdPMXYJpxCjOYZchMQkRH8h3r6lhK4Q2xmzJ7UA2OQ80L3W7tFu61742xGQK7zHWm5AhxYhNuc50H9SGQ=="],

    "@ai-sdk/provider": ["@ai-sdk/provider@4.0.3", "", { "dependencies": { "json-schema": "^0.4.0" } }, "sha512-e0CpNWJUY7OxAFAnCZkw+ri9QOHWwTs1tXP42782KFGCU07qt8NiXCrCVowyCB5dP2r5/Uls+g2oPd8kOJn9dw=="],

    "@ai-sdk/provider-utils": ["@ai-sdk/provider-utils@5.0.11", "", { "dependencies": { "@ai-sdk/provider": "4.0.3", "@standard-schema/spec": "^1.1.0", "@workflow/serde": "4.1.0", "eventsource-parser": "^3.0.8" }, "peerDependencies": { "zod": "^3.25.76 || ^4.1.8" } }, "sha512-7/96wE+ZsKB35iS9ASyllrE4Ym/EolXEB7AkuJ5FI++fmS85BVTAs77890C+1Z2jwHfBKjBQSBmsliOsAh0iFQ=="],

    "@oven/bun-darwin-aarch64": ["@oven/bun-darwin-aarch64@1.3.14", "", { "os": "darwin", "cpu": "arm64" }, "sha512-Omj20SuiHBOUjUBIyqtkNjSUIjOtEOJwmbix/ZyFH4BaQ6OZTaaRWIR4TjHVz0yadHgli6lLTiAh1uarnvD49A=="],

    "@oven/bun-darwin-x64": ["@oven/bun-darwin-x64@1.3.14", "", { "os": "darwin", "cpu": "x64" }, "sha512-FFj3QdU/OhlDyZOJ8CWfN5eWLpRlT4qjZg7lMQi7jA6GuoY5ajlO1zWLP/MuHYRSbXQUvV52RejNi8DVnAp13w=="],

    "@oven/bun-darwin-x64-baseline": ["@oven/bun-darwin-x64-baseline@1.3.14", "", { "os": "darwin", "cpu": "x64" }, "sha512-OSfsTZstc898HHElhU4NccaBGOSSDn5VfahiVTnidZ9B/+wb7WTyfZJaBeJcfjwJ9H2W9uTh2TGtl3UfcXgV9g=="],

    "@oven/bun-freebsd-aarch64": ["@oven/bun-freebsd-aarch64@1.3.14", "", { "os": "freebsd", "cpu": "arm64" }, "sha512-LIKrXaFxAHybVO5Pf+9XP2FHUj/5APvXTUKk9dqHm5iFz4oH+W24cmhjkJirNujh9hKeTyrpWSe3no9JZKowIw=="],

    "@oven/bun-freebsd-x64": ["@oven/bun-freebsd-x64@1.3.14", "", { "os": "freebsd", "cpu": "x64" }, "sha512-uwD+fGUH1ADpIF3B1U2jWzzb20QwRLZfj5QZ28GUCGrAJ/nTmWrD6YYGsblCY1wuhldRez3lU40AyuvSCyLYmw=="],

    "@oven/bun-linux-aarch64": ["@oven/bun-linux-aarch64@1.3.14", "", { "os": "linux", "cpu": "arm64" }, "sha512-X5SsPZHs+iYO8R/efIcRtc7gT2Q2DgPfliCxEkx4cXBumwkw0c/EsHMNwH3EgGpCDaZ7IYVPhpCG/xBOQHEwZw=="],

    "@oven/bun-linux-aarch64-android": ["@oven/bun-linux-aarch64-android@1.3.14", "", { "os": "android", "cpu": "arm64" }, "sha512-y4kq5b85lsrmFb9Xvi4w9mA5IEFJkLMrSmYn06q24KjL9rUWDWO3VFZEtteZxUN5+ec3Zm5S8OnJw1umaCbVjA=="],

    "@oven/bun-linux-aarch64-musl": ["@oven/bun-linux-aarch64-musl@1.3.14", "", { "os": "linux", "cpu": "arm64" }, "sha512-jmqOA92Cd1NL/1XBd4bFkJLxQ86K0RW7ohxS2qzzAvuitO4JiIxjjTeCspoU44zCozH72HpfZfUE2On31OjnWA=="],

    "@oven/bun-linux-x64": ["@oven/bun-linux-x64@1.3.14", "", { "os": "linux", "cpu": "x64" }, "sha512-7OVTAKvwfPmSbIV1HpdOoVVx5VRc427GuPPne93N6vk4eQBPId9nXmZDh9/zGaKPdbVjVtQSZafWQoUjx38Utw=="],

    "@oven/bun-linux-x64-android": ["@oven/bun-linux-x64-android@1.3.14", "", { "os": "android", "cpu": "x64" }, "sha512-qe9e1d+3VAEU7nAA2ol9Jvmy/o99PVMSgZhHn7Q/9O3YcDrfEqyQ8zm4zoe5qTEo8HZH0dN03Le0Ys2eQPs7eg=="],

    "@oven/bun-linux-x64-baseline": ["@oven/bun-linux-x64-baseline@1.3.14", "", { "os": "linux", "cpu": "x64" }, "sha512-q/8EdOC0yUE8FPeoOVq8/Pw5I9/tJaYmUfO/uDUAREx8IUnOJH1RJ5A3BjFqre8pvJoiZA9AovPJq5FnNNjSxA=="],

    "@oven/bun-linux-x64-musl": ["@oven/bun-linux-x64-musl@1.3.14", "", { "os": "linux", "cpu": "x64" }, "sha512-GBCB/k/sIqcr06eTNgg7g46qiUv35Jasx4XiccJ/n7RGqrE4RWUD/XJBbWFprVPjvqd59+QtSnS99XGqvftHfg=="],

    "@oven/bun-linux-x64-musl-baseline": ["@oven/bun-linux-x64-musl-baseline@1.3.14", "", { "os": "linux", "cpu": "x64" }, "sha512-n6iE71G4lQE4XkrZhQQcL5YUlxDbnq6nqV7zeQi33PMsLT/0kYE+RvHOtBWZ3w0wMdXZfINmp63hIb9ijUBGtw=="],

    "@oven/bun-windows-aarch64": ["@oven/bun-windows-aarch64@1.3.14", "", { "os": "win32", "cpu": "arm64" }, "sha512-T7s3x/BsVKQObGU6QDkZeI6wKynzqGbBH1yI77jrrj5siElclxr3DQrDIk8CV4G5/SJq2HHq4kpLyYY2DKCSmA=="],

    "@oven/bun-windows-x64": ["@oven/bun-windows-x64@1.3.14", "", { "os": "win32", "cpu": "x64" }, "sha512-mUFWL3BoYkNpjd8e9PqROiFF/1Xeotq20mABJsiQH62jM1g5zqWh4khw1RZ6bX8Q8fWvlPaxG1PjofkmjUi3vg=="],

    "@oven/bun-windows-x64-baseline": ["@oven/bun-windows-x64-baseline@1.3.14", "", { "os": "win32", "cpu": "x64" }, "sha512-uIjLUC1S9DWgICzuoMba7vurBJnBruE4S5CxnvmZkdqWVXRzx1Rgu636HoH+k0qeaQCFh3jeG3JQ1y6fRHv0sw=="],

    "@oxfmt/binding-android-arm-eabi": ["@oxfmt/binding-android-arm-eabi@0.59.0", "", { "os": "android", "cpu": "arm" }, "sha512-bNTnfbuG7sAwb2PakMNaDukx5kXeW9duXOBeWtTOiLz3fXz3q2DlWguufPZ+c2IHEVrRXHD+M4aUgEWm841LDA=="],

    "@oxfmt/binding-android-arm64": ["@oxfmt/binding-android-arm64@0.59.0", "", { "os": "android", "cpu": "arm64" }, "sha512-R/Sn7z52QtdAKNqQLLY0EK7hVMjXiz3XUlvoCFCm/60jgIzAnQtiqLKBCFaBkimCQL5rs2ezPMcicpjCsrl54Q=="],

    "@oxfmt/binding-darwin-arm64": ["@oxfmt/binding-darwin-arm64@0.59.0", "", { "os": "darwin", "cpu": "arm64" }, "sha512-vm/ynUqE4HjC0ZIEjmXv1UJu1/GngccQ+T+TJudTMxUxm6r+GQTg1TO3E5jJfI71pBaXxSzs1+vWHIwuilGHhw=="],

    "@oxfmt/binding-darwin-x64": ["@oxfmt/binding-darwin-x64@0.59.0", "", { "os": "darwin", "cpu": "x64" }, "sha512-uTtYDpLN/obfKVWGpgEc8BqYlLZBQTPz2uYEvLRy3HPZxjZ34wiFzukUBU2bf64JuCYZI//GTV1EOMmWlPjf/w=="],

    "@oxfmt/binding-freebsd-x64": ["@oxfmt/binding-freebsd-x64@0.59.0", "", { "os": "freebsd", "cpu": "x64" }, "sha512-e2UnxL/ifStSPy8ffBCDbdy595SYsGy+U1pur4G65TuMmWxAMBzYGG7atZo/3mp515p8rZdsflxVD/E1FAdPLQ=="],

    "@oxfmt/binding-linux-arm-gnueabihf": ["@oxfmt/binding-linux-arm-gnueabihf@0.59.0", "", { "os": "linux", "cpu": "arm" }, "sha512-LtdeZ1l0urxte3VNi3g8cocZwv1xGM1NKHSgF/fJEEVhyQmlgGh7WFWKFd/pNuO7djfvPNtNO1+MS+FEWkgVSA=="],

    "@oxfmt/binding-linux-arm-musleabihf": ["@oxfmt/binding-linux-arm-musleabihf@0.59.0", "", { "os": "linux", "cpu": "arm" }, "sha512-dBTciSsj9GTMl7p+h2gMSI0hoPn2ijfc/dUsbnWsP0RbwgPl2r0C/5zkMb3Pb+gGj17LH7f1o4qLo9aes/pAvA=="],

    "@oxfmt/binding-linux-arm64-gnu": ["@oxfmt/binding-linux-arm64-gnu@0.59.0", "", { "os": "linux", "cpu": "arm64" }, "sha512-tXVdJ/JINsNWdponPHN0OuKHtC+HdpyoS9sd6IDPNiiEYsRki8b7tefRZ1iMnRkdbyT4SEbguWsr6o+5awvbPQ=="],

    "@oxfmt/binding-linux-arm64-musl": ["@oxfmt/binding-linux-arm64-musl@0.59.0", "", { "os": "linux", "cpu": "arm64" }, "sha512-RRTq38i2zT5fnw6XGHjvT6w2mh6x/G3m6AZcAZ56OTDTT/lsOeYnG3SVjwmH40z5kPqF+lf+o35e6m6PpKy9Dw=="],

    "@oxfmt/binding-linux-ppc64-gnu": ["@oxfmt/binding-linux-ppc64-gnu@0.59.0", "", { "os": "linux", "cpu": "ppc64" }, "sha512-lD3k7glAJSaXW0D6xzu8VOZbYbosvy+0ktOVkfLEoQF5HJlMSxTQ2KNW0JO+08ccP/1ElOKktVEMI0fqRbVB4w=="],

    "@oxfmt/binding-linux-riscv64-gnu": ["@oxfmt/binding-linux-riscv64-gnu@0.59.0", "", { "os": "linux", "cpu": "none" }, "sha512-WH5ZP1RbuHKBO/yfPRQKpNO/ijHcEDNbnmC4VPf/Bcd3+mbMAZpRiJWRa1PL5bREdIZZHo343mk3sqlc9x7Usw=="],

    "@oxfmt/binding-linux-riscv64-musl": ["@oxfmt/binding-linux-riscv64-musl@0.59.0", "", { "os": "linux", "cpu": "none" }, "sha512-743wOiaI9RZY4QVGkWkfGRavD5ZJUJ6gscFjVrVu1dP8AZh9jM+a6v3NhlR+OIzHdS6DhLM96w+gcVskskz7rw=="],

    "@oxfmt/binding-linux-s390x-gnu": ["@oxfmt/binding-linux-s390x-gnu@0.59.0", "", { "os": "linux", "cpu": "s390x" }, "sha512-xjRXQsRnrRZCcCkIEnbd2lmsQNobtwwkJxdy2bWXhZ1lIN0ouZwsBXRsoovW3yATuziAYwr9HMiQuR/Cc75NIw=="],

    "@oxfmt/binding-linux-x64-gnu": ["@oxfmt/binding-linux-x64-gnu@0.59.0", "", { "os": "linux", "cpu": "x64" }, "sha512-4hNjqq/Rbr9B+StY9zMMAfm72+mtM4v80xYL5Qkb59Qd72g2vJMI0iFlPj3kf6miMsie/yJ7rt4urJT292HBgA=="],

    "@oxfmt/binding-linux-x64-musl": ["@oxfmt/binding-linux-x64-musl@0.59.0", "", { "os": "linux", "cpu": "x64" }, "sha512-NH579iN8EVQYsWowUB8B5vFchcylJtwPVJ7NmUAqEQHNLfhPbDT3K56KrECNAkUN4QpF4qiMgN2vsfZwVvjm7g=="],

    "@oxfmt/binding-openharmony-arm64": ["@oxfmt/binding-openharmony-arm64@0.59.0", "", { "os": "none", "cpu": "arm64" }, "sha512-mzZy3Z5Aj1D75Aq9FVlmoRQH5ei8Ga4o/NZmlXkKyeZ5EmPrUXRR7c6BMBteV1ZuZ/356UYDuLRLjAMxTDTiBA=="],

    "@oxfmt/binding-win32-arm64-msvc": ["@oxfmt/binding-win32-arm64-msvc@0.59.0", "", { "os": "win32", "cpu": "arm64" }, "sha512-0CpDJ1gE3jN1Gk6xms1Ie6LPfPcOtY4FAtoOmVLHQoAf8DvO2wd0DW2dIX2f7YTp5dxrr0ND8JeUEjm3DP3k5g=="],

    "@oxfmt/binding-win32-ia32-msvc": ["@oxfmt/binding-win32-ia32-msvc@0.59.0", "", { "os": "win32", "cpu": "ia32" }, "sha512-zwdKBu3pt87uW0bRcywZb0oGMS7C6n87qogwRYFUgmk44T90ZzYlPjtlFYXs/DnBFrgNCvlHwCuWKfVWLeE7kw=="],

    "@oxfmt/binding-win32-x64-msvc": ["@oxfmt/binding-win32-x64-msvc@0.59.0", "", { "os": "win32", "cpu": "x64" }, "sha512-dUUbZkKgWrmAeI/puzv4bxN8lzcYaFnQVwFTFtwO2Gp8M7lZGSE2qJjC58g518+1bltJ8mizjYwD0BGHym0l/w=="],

    "@oxlint/binding-android-arm-eabi": ["@oxlint/binding-android-arm-eabi@1.74.0", "", { "os": "android", "cpu": "arm" }, "sha512-+gHd12muVI9ZLBaWLPkHt3Fj7jihFjgQ1MGtBaRL8vWrWrI0P7dLUty/cHrHS0oqPYIRgQUJsPu2CExQuMcwNw=="],

    "@oxlint/binding-android-arm64": ["@oxlint/binding-android-arm64@1.74.0", "", { "os": "android", "cpu": "arm64" }, "sha512-xjKdoMB+H+RCOByv/7l7nfIGW9mlOisqYdcyC75UqYuQecLpReAeEYUf2CNeDEI3KtmUgxpRw/+c63y4AeF/Bw=="],

    "@oxlint/binding-darwin-arm64": ["@oxlint/binding-darwin-arm64@1.74.0", "", { "os": "darwin", "cpu": "arm64" }, "sha512-iUK7wvc6sejMKsC+Pt67mntoF5weFcyEunhZfLJceU6gL419mexz5wBkSx/EnkFBExMLNtOi9fnDSc5xfK0IzQ=="],

    "@oxlint/binding-darwin-x64": ["@oxlint/binding-darwin-x64@1.74.0", "", { "os": "darwin", "cpu": "x64" }, "sha512-ggKc/tn5SJ1u2yG2izC6VKODfYKV8MQ2AicJlNzOjuyrC29udvOef6/JzK2r32xqCnBDLFouR1VCkjzEI0/N9Q=="],

    "@oxlint/binding-freebsd-x64": ["@oxlint/binding-freebsd-x64@1.74.0", "", { "os": "freebsd", "cpu": "x64" }, "sha512-u++dH/43jy9hTLbneaWlS0gla/Bp1JdwJ2zgevCl8nDFUh6qRCGMxcL0f0lb7By3A9p/LfFr+7cG4HU1hG856g=="],

    "@oxlint/binding-linux-arm-gnueabihf": ["@oxlint/binding-linux-arm-gnueabihf@1.74.0", "", { "os": "linux", "cpu": "arm" }, "sha512-Sj1zmtFDVTPeIbIz4ZfcXAbFHqCmKCXdCUlAJzvTF7I20NTH1RDpoF2PhkqNODutJzVhJYmm3oz0GwgY+tvE2g=="],

    "@oxlint/binding-linux-arm-musleabihf": ["@oxlint/binding-linux-arm-musleabihf@1.74.0", "", { "os": "linux", "cpu": "arm" }, "sha512-//PKyQb/tQXcHArx2f7z+oVI/eMS2Jpv+edNuAtOrgIhWdGcpHxogveAxzmF2rpH1AIHp4Hq04RF/rgJdiICnQ=="],

    "@oxlint/binding-linux-arm64-gnu": ["@oxlint/binding-linux-arm64-gnu@1.74.0", "", { "os": "linux", "cpu": "arm64" }, "sha512-/k1Me+aX2tjuH10K62mLS0y8cLkJBHX6Ce0xPK+eWeel4bSdEGZ8dv4+hYMzg0GrSmjwy4yAYsDPeEeKBft/2w=="],

    "@oxlint/binding-linux-arm64-musl": ["@oxlint/binding-linux-arm64-musl@1.74.0", "", { "os": "linux", "cpu": "arm64" }, "sha512-3tFSjBxc5D8/zvjEuLvOqcA8ZXKD0+6NuaVO/edeamNc49MoAsbfaC9s1UiwODwgF6slGaF8yJA2TPkukd77tg=="],

    "@oxlint/binding-linux-ppc64-gnu": ["@oxlint/binding-linux-ppc64-gnu@1.74.0", "", { "os": "linux", "cpu": "ppc64" }, "sha512-9QggtPkSPXOCTu8Szis7auOK/sC7KdQaN+/TujP7YVVhzCAOhgdRfgv8uEz0r2tk5xdgus5rLYUrCDoZNtiRUw=="],

    "@oxlint/binding-linux-riscv64-gnu": ["@oxlint/binding-linux-riscv64-gnu@1.74.0", "", { "os": "linux", "cpu": "none" }, "sha512-VM5VPUJ4DJIWiK+AZn8FScUqMr6OFrCAYybMYjEEi7W13ParI64MByiXTkKMqZpBmvQ9zxl9Ebq2VUOiZRJYUg=="],

    "@oxlint/binding-linux-riscv64-musl": ["@oxlint/binding-linux-riscv64-musl@1.74.0", "", { "os": "linux", "cpu": "none" }, "sha512-SaDY1gh9rOA592J54g+gu5hkOFFQBZsMmIYHs+NRHG+Uq0OxtuuCXMWQ3vu1830Eugv5uMXyjG+bv2Z9y4IXjw=="],

    "@oxlint/binding-linux-s390x-gnu": ["@oxlint/binding-linux-s390x-gnu@1.74.0", "", { "os": "linux", "cpu": "s390x" }, "sha512-ZATQeHZCyr6MbDveg0obD5sxLHFOghtOdC5jwVwYlvFWqtFOxctgFEG6Ef/64hYvZrWyhyCckB10AelqLopeDA=="],

    "@oxlint/binding-linux-x64-gnu": ["@oxlint/binding-linux-x64-gnu@1.74.0", "", { "os": "linux", "cpu": "x64" }, "sha512-+aIvJyrdeD7LwCQ2WYLMUWNmnbeDRSPb40aBYtPjD9+PTqUwgJnk+HK5yLfSMeqXrMrDhE9uTmtt2y50tvjhHw=="],

    "@oxlint/binding-linux-x64-musl": ["@oxlint/binding-linux-x64-musl@1.74.0", "", { "os": "linux", "cpu": "x64" }, "sha512-XyktaR8lhK2qWiCK0Tk8oYD+/cgn+oHA6ddRnxSSXUKkkojkV78CmShZUxQF+yrBFs0SuW+JBOPG6hecyc/iZg=="],

    "@oxlint/binding-openharmony-arm64": ["@oxlint/binding-openharmony-arm64@1.74.0", "", { "os": "none", "cpu": "arm64" }, "sha512-mzbjrPl4neaVUiJ1fUiEUxTGaSZBoiKtaoB6jmIpz9S+VOA2vDYmJpihQ82w6178V5jxziclTg8Cgj5yF6tTDg=="],

    "@oxlint/binding-win32-arm64-msvc": ["@oxlint/binding-win32-arm64-msvc@1.74.0", "", { "os": "win32", "cpu": "arm64" }, "sha512-vUAe9okpS2Oa5+lX67lqHMuNUvfkleRKwrUDJ/WJBsgmddvZ1mrsh2HVmuFDRzqFELhaJhFaCNOuR6a7L3rtIA=="],

    "@oxlint/binding-win32-ia32-msvc": ["@oxlint/binding-win32-ia32-msvc@1.74.0", "", { "os": "win32", "cpu": "ia32" }, "sha512-yyXXJyYYSXL4I8K8jAWjJs+J3fa9gH2JmEbo4f5adm+1tNC9itseicBNuwK7BDHvqQ5J534s+yDULu89vYL2ZQ=="],

    "@oxlint/binding-win32-x64-msvc": ["@oxlint/binding-win32-x64-msvc@1.74.0", "", { "os": "win32", "cpu": "x64" }, "sha512-VTC9IYTIMrVUk/i6Ms1ohzzDKZFkWn0KU2OBbPBzgmVZ2V30165T/zK4LztTr0Xgp9fZ1qQZ1rsZAu/rEmySlA=="],

    "@standard-schema/spec": ["@standard-schema/spec@1.1.0", "", {}, "sha512-l2aFy5jALhniG5HgqrD6jXLi/rUWrKvqN/qJx6yoJsgKhblVd+iqqU4RCXavm/jPityDo5TCvKMnpjKnOriy0w=="],

    "@types/bun": ["@types/bun@1.3.14", "", { "dependencies": { "bun-types": "1.3.14" } }, "sha512-h1hFqFVcvAvD9j9K7ZW7vd82aSA+rTdznZa+5bwvCwqSB1jmmfLcbIWhOLx1/+boy/xmjgCs/OMUL8hRJSmnPw=="],

    "@types/node": ["@types/node@25.2.3", "", { "dependencies": { "undici-types": "~7.16.0" } }, "sha512-m0jEgYlYz+mDJZ2+F4v8D1AyQb+QzsNqRuI7xg1VQX/KlKS0qT9r1Mo16yo5F/MtifXFgaofIFsdFMox2SxIbQ=="],

    "@vercel/oidc": ["@vercel/oidc@3.2.0", "", {}, "sha512-UycprH3T6n3jH0k44NHMa7pnFHGu/N05MjojYr+Mc6I7obkoLIJujSWwin1pCvdy/eOxrI/l3uDLQsmcrOb4ug=="],

    "@workflow/serde": ["@workflow/serde@4.1.0", "", {}, "sha512-pav4F2BoirECWR7Nf1TKt+2eETcBj7jj4cBefQ8VXQCA6NPkaKeLfj/zMgi+3zYV5ZIBT4GuUiphsj0/b9hPQQ=="],

    "ai": ["ai@7.0.31", "", { "dependencies": { "@ai-sdk/gateway": "4.0.23", "@ai-sdk/provider": "4.0.3", "@ai-sdk/provider-utils": "5.0.11" }, "peerDependencies": { "zod": "^3.25.76 || ^4.1.8" } }, "sha512-pJfwKXjF5kw0rKRTePwYo60EfWb8wfzJAgf3ojln/YkOsVVKttzZAJVcRPsg37Z3a06ZdKkxX+DSrMAFlPm5Mw=="],

    "bun": ["bun@1.3.14", "", { "optionalDependencies": { "@oven/bun-darwin-aarch64": "1.3.14", "@oven/bun-darwin-x64": "1.3.14", "@oven/bun-darwin-x64-baseline": "1.3.14", "@oven/bun-freebsd-aarch64": "1.3.14", "@oven/bun-freebsd-x64": "1.3.14", "@oven/bun-linux-aarch64": "1.3.14", "@oven/bun-linux-aarch64-android": "1.3.14", "@oven/bun-linux-aarch64-musl": "1.3.14", "@oven/bun-linux-x64": "1.3.14", "@oven/bun-linux-x64-android": "1.3.14", "@oven/bun-linux-x64-baseline": "1.3.14", "@oven/bun-linux-x64-musl": "1.3.14", "@oven/bun-linux-x64-musl-baseline": "1.3.14", "@oven/bun-windows-aarch64": "1.3.14", "@oven/bun-windows-x64": "1.3.14", "@oven/bun-windows-x64-baseline": "1.3.14" }, "os": [ "!aix", "!sunos", "!openbsd", ], "cpu": [ "x64", "arm64", ], "bin": { "bun": "bin/bun.exe", "bunx": "bin/bunx.exe" } }, "sha512-aB6GVd42x1Y5ie1K16SF+oLGtgSkwX9hgoDdIW88pjvfTccU8F1vfpoOt34QLv0dZ1v3XimtaxPlZUG81Gx9Zg=="],

    "bun-types": ["bun-types@1.3.14", "", { "dependencies": { "@types/node": "*" } }, "sha512-4N0ig0fEomHt5R0KCFWjovxow98rIoRwKolrYdCcknNwMekCXRnWEUvgu5soYV8QXtVsrUD8B95MBOZGPvr6KQ=="],

    "bundle-name": ["bundle-name@4.1.0", "", { "dependencies": { "run-applescript": "^7.0.0" } }, "sha512-tjwM5exMg6BGRI+kNmTntNsvdZS1X8BFYS6tnJ2hdH0kVxM6/eVZ2xy+FqStSWvYmtfFMDLIxurorHwDKfDz5Q=="],

    "chalk": ["chalk@5.6.2", "", {}, "sha512-7NzBL0rN6fMUW+f7A6Io4h40qQlG+xGmtMxfbnH/K7TAtt8JQWVQK+6g0UXKMeVJoyV5EkkNsErQ8pVD3bLHbA=="],

    "commander": ["commander@13.1.0", "", {}, "sha512-/rFeCpNJQbhSZjGVwO9RFV3xPqbnERS8MmIQzCtD/zl6gpJuV/bMLuN92oG3F7d8oDEHHRrujSXNUr8fpjntKw=="],

    "default-browser": ["default-browser@5.5.0", "", { "dependencies": { "bundle-name": "^4.1.0", "default-browser-id": "^5.0.0" } }, "sha512-H9LMLr5zwIbSxrmvikGuI/5KGhZ8E2zH3stkMgM5LpOWDutGM2JZaj460Udnf1a+946zc7YBgrqEWwbk7zHvGw=="],

    "default-browser-id": ["default-browser-id@5.0.1", "", {}, "sha512-x1VCxdX4t+8wVfd1so/9w+vQ4vx7lKd2Qp5tDRutErwmR85OgmfX7RlLRMWafRMY7hbEiXIbudNrjOAPa/hL8Q=="],

    "define-lazy-prop": ["define-lazy-prop@3.0.0", "", {}, "sha512-N+MeXYoqr3pOgn8xfyRPREN7gHakLYjhsHhWGT3fWAiL4IkAt0iDw14QiiEm2bE30c5XX5q0FtAA3CK5f9/BUg=="],

    "eventsource-parser": ["eventsource-parser@3.1.0", "", {}, "sha512-kJezFj9YFAMLeORyi7aCLxLbD5/qWMQnoMVlVPyHIll7lgRJCc3JVln9Vgl9nwQi0YkMnhdGTMNn7CkRRAptMg=="],

    "get-port": ["get-port@7.2.0", "", {}, "sha512-afP4W205ONCuMoPBqcR6PSXnzX35KTcJygfJfcp+QY+uwm3p20p1YczWXhlICIzGMCxYBQcySEcOgsJcrkyobg=="],

    "ignore": ["ignore@7.0.6", "", {}, "sha512-BAg6QkE8W+TuQLrrw0Ugr7HegXduRuuj8/ti2kSOc+jz1dmx8/WNcjr6XGnq5YpDWxFwwaavqD0+jIUOKelTsw=="],

    "is-docker": ["is-docker@3.0.0", "", { "bin": { "is-docker": "cli.js" } }, "sha512-eljcgEDlEns/7AXFosB5K/2nCM4P7FQPkGc/DWLy5rmFEWvZayGrik1d9/QIY5nJ4f9YsVvBkA6kJpHn9rISdQ=="],

    "is-in-ssh": ["is-in-ssh@1.0.0", "", {}, "sha512-jYa6Q9rH90kR1vKB6NM7qqd1mge3Fx4Dhw5TVlK1MUBqhEOuCagrEHMevNuCcbECmXZ0ThXkRm+Ymr51HwEPAw=="],

    "is-inside-container": ["is-inside-container@1.0.0", "", { "dependencies": { "is-docker": "^3.0.0" }, "bin": { "is-inside-container": "cli.js" } }, "sha512-KIYLCCJghfHZxqjYBE7rEy0OBuTd5xCHS7tHVgvCLkx7StIoaxwNW3hCALgEUjFfeRk+MG/Qxmp/vtETEF3tRA=="],

    "is-wsl": ["is-wsl@3.1.1", "", { "dependencies": { "is-inside-container": "^1.0.0" } }, "sha512-e6rvdUCiQCAuumZslxRJWR/Doq4VpPR82kqclvcS0efgt430SlGIk05vdCN58+VrzgtIcfNODjozVielycD4Sw=="],

    "json-schema": ["json-schema@0.4.0", "", {}, "sha512-es94M3nTIfsEPisRafak+HDLfHXnKBhV3vU5eqPcS3flIWqcxJWgXHXiey3YrpaNsanY5ei1VoYEbOzijuq9BA=="],

    "marked": ["marked@15.0.12", "", { "bin": { "marked": "bin/marked.js" } }, "sha512-8dD6FusOQSrpv9Z1rdNMdlSgQOIP880DHqnohobOmYLElGEqAL/JvxvuxZO16r4HtjTlfPRDC1hbvxC9dPN2nA=="],

    "open": ["open@11.0.0", "", { "dependencies": { "default-browser": "^5.4.0", "define-lazy-prop": "^3.0.0", "is-in-ssh": "^1.0.0", "is-inside-container": "^1.0.0", "powershell-utils": "^0.1.0", "wsl-utils": "^0.3.0" } }, "sha512-smsWv2LzFjP03xmvFoJ331ss6h+jixfA4UUV/Bsiyuu4YJPfN+FIQGOIiv4w9/+MoHkfkJ22UIaQWRVFRfH6Vw=="],

    "oxfmt": ["oxfmt@0.59.0", "", { "dependencies": { "tinypool": "2.1.0" }, "optionalDependencies": { "@oxfmt/binding-android-arm-eabi": "0.59.0", "@oxfmt/binding-android-arm64": "0.59.0", "@oxfmt/binding-darwin-arm64": "0.59.0", "@oxfmt/binding-darwin-x64": "0.59.0", "@oxfmt/binding-freebsd-x64": "0.59.0", "@oxfmt/binding-linux-arm-gnueabihf": "0.59.0", "@oxfmt/binding-linux-arm-musleabihf": "0.59.0", "@oxfmt/binding-linux-arm64-gnu": "0.59.0", "@oxfmt/binding-linux-arm64-musl": "0.59.0", "@oxfmt/binding-linux-ppc64-gnu": "0.59.0", "@oxfmt/binding-linux-riscv64-gnu": "0.59.0", "@oxfmt/binding-linux-riscv64-musl": "0.59.0", "@oxfmt/binding-linux-s390x-gnu": "0.59.0", "@oxfmt/binding-linux-x64-gnu": "0.59.0", "@oxfmt/binding-linux-x64-musl": "0.59.0", "@oxfmt/binding-openharmony-arm64": "0.59.0", "@oxfmt/binding-win32-arm64-msvc": "0.59.0", "@oxfmt/binding-win32-ia32-msvc": "0.59.0", "@oxfmt/binding-win32-x64-msvc": "0.59.0" }, "peerDependencies": { "svelte": "^5.0.0", "vite-plus": "*" }, "optionalPeers": ["svelte", "vite-plus"], "bin": { "oxfmt": "bin/oxfmt" } }, "sha512-Xqk6cPZS1yMvVa7OAuenaDZUsgMDutvvbZ9/L5gSvAfW64+WN4HVhgipLj5rVERbYQt8fLs9TopyZ1rU1XEG/w=="],

    "oxlint": ["oxlint@1.74.0", "", { "optionalDependencies": { "@oxlint/binding-android-arm-eabi": "1.74.0", "@oxlint/binding-android-arm64": "1.74.0", "@oxlint/binding-darwin-arm64": "1.74.0", "@oxlint/binding-darwin-x64": "1.74.0", "@oxlint/binding-freebsd-x64": "1.74.0", "@oxlint/binding-linux-arm-gnueabihf": "1.74.0", "@oxlint/binding-linux-arm-musleabihf": "1.74.0", "@oxlint/binding-linux-arm64-gnu": "1.74.0", "@oxlint/binding-linux-arm64-musl": "1.74.0", "@oxlint/binding-linux-ppc64-gnu": "1.74.0", "@oxlint/binding-linux-riscv64-gnu": "1.74.0", "@oxlint/binding-linux-riscv64-musl": "1.74.0", "@oxlint/binding-linux-s390x-gnu": "1.74.0", "@oxlint/binding-linux-x64-gnu": "1.74.0", "@oxlint/binding-linux-x64-musl": "1.74.0", "@oxlint/binding-openharmony-arm64": "1.74.0", "@oxlint/binding-win32-arm64-msvc": "1.74.0", "@oxlint/binding-win32-ia32-msvc": "1.74.0", "@oxlint/binding-win32-x64-msvc": "1.74.0" }, "peerDependencies": { "oxlint-tsgolint": ">=0.24.0", "vite-plus": "*" }, "optionalPeers": ["oxlint-tsgolint", "vite-plus"], "bin": { "oxlint": "bin/oxlint" } }, "sha512-odGl2s2x5IOJoj3A0v1k0PGBXVFBZeZ2+AK/+K2MJur7Ghi3bkyX5NuLUWHKqa4js1wjep3hJeuTQJOlr+4+dA=="],

    "powershell-utils": ["powershell-utils@0.1.0", "", {}, "sha512-dM0jVuXJPsDN6DvRpea484tCUaMiXWjuCn++HGTqUWzGDjv5tZkEZldAJ/UMlqRYGFrD/etByo4/xOuC/snX2A=="],

    "run-applescript": ["run-applescript@7.1.0", "", {}, "sha512-DPe5pVFaAsinSaV6QjQ6gdiedWDcRCbUuiQfQa2wmWV7+xC9bGulGI8+TdRmoFkAPaBXk8CrAbnlY2ISniJ47Q=="],

    "tinypool": ["tinypool@2.1.0", "", {}, "sha512-Pugqs6M0m7Lv1I7FtxN4aoyToKg1C4tu+/381vH35y8oENM/Ai7f7C4StcoK4/+BSw9ebcS8jRiVrORFKCALLw=="],

    "typescript": ["typescript@5.9.3", "", { "bin": { "tsc": "bin/tsc", "tsserver": "bin/tsserver" } }, "sha512-jl1vZzPDinLr9eUt3J/t7V6FgNEw9QjvBPdysz9KfQDD41fQrC2Y4vKQdiaUpFT4bXlb1RHhLpp8wtm6M5TgSw=="],

    "undici-types": ["undici-types@7.16.0", "", {}, "sha512-Zz+aZWSj8LE6zoxD+xrjh4VfkIG8Ya6LvYkZqtUQGJPZjYl53ypCaUwWqo7eI0x66KBGeRo+mlBEkMSeSZ38Nw=="],

    "wsl-utils": ["wsl-utils@0.3.1", "", { "dependencies": { "is-wsl": "^3.1.0", "powershell-utils": "^0.1.0" } }, "sha512-g/eziiSUNBSsdDJtCLB8bdYEUMj4jR7AGeUo96p/3dTafgjHhpF4RiCFPiRILwjQoDXx5MqkBr4fwWtR3Ky4Wg=="],

    "zod": ["zod@3.25.76", "", {}, "sha512-gzUt/qt81nXsFGKIFcC3YnfEAx5NkunCfnDlvuBSSFS02bcXu4Lmea0AFIUwbLWxWPx3d9p8S5QoaujKcNQxcQ=="],
  }
}
